// !$*UTF8*$!
{
	archiveVersion = 1;
	classes = {
	};
	objectVersion = 46;
	objects = {

/* Begin PBXBuildFile section */
		061C1C0B1C080AED0082CC06 /* MeetingTableViewCell.swift in Sources */ = {isa = PBXBuildFile; fileRef = 061C1C0A1C080AED0082CC06 /* MeetingTableViewCell.swift */; };
		0620F3891C04E73B000A233F /* MainTabBarViewController.swift in Sources */ = {isa = PBXBuildFile; fileRef = 0620F3881C04E73B000A233F /* MainTabBarViewController.swift */; };
		0620F38B1C04F19E000A233F /* MeetingsTableViewController.swift in Sources */ = {isa = PBXBuildFile; fileRef = 0620F38A1C04F19E000A233F /* MeetingsTableViewController.swift */; };
		0620F38D1C04F584000A233F /* EventManager.swift in Sources */ = {isa = PBXBuildFile; fileRef = 0620F38C1C04F584000A233F /* EventManager.swift */; };
		0673F5DA1C04E007000E402B /* Main.storyboard in Resources */ = {isa = PBXBuildFile; fileRef = 0673F5D81C04E007000E402B /* Main.storyboard */; };
		0679E7971C015EDB0003BABC /* LoginViewController.swift in Sources */ = {isa = PBXBuildFile; fileRef = 0679E7961C015EDB0003BABC /* LoginViewController.swift */; };
		0679E7981C015EDB0003BABC /* LoginViewController.swift in Sources */ = {isa = PBXBuildFile; fileRef = 0679E7961C015EDB0003BABC /* LoginViewController.swift */; };
		0679E7991C015EDB0003BABC /* LoginViewController.swift in Sources */ = {isa = PBXBuildFile; fileRef = 0679E7961C015EDB0003BABC /* LoginViewController.swift */; };
		0679E79B1C0163090003BABC /* UserRepository.swift in Sources */ = {isa = PBXBuildFile; fileRef = 0679E79A1C0163090003BABC /* UserRepository.swift */; };
		0679E79C1C0163090003BABC /* UserRepository.swift in Sources */ = {isa = PBXBuildFile; fileRef = 0679E79A1C0163090003BABC /* UserRepository.swift */; };
		0679E79D1C0163090003BABC /* UserRepository.swift in Sources */ = {isa = PBXBuildFile; fileRef = 0679E79A1C0163090003BABC /* UserRepository.swift */; };
		067EC3F81C038C7C003F420A /* TeamMembersTableViewController.swift in Sources */ = {isa = PBXBuildFile; fileRef = 067EC3F71C038C7C003F420A /* TeamMembersTableViewController.swift */; };
		067EC3FA1C039D98003F420A /* NewTeamViewController.swift in Sources */ = {isa = PBXBuildFile; fileRef = 067EC3F91C039D98003F420A /* NewTeamViewController.swift */; };
		067EC3FC1C03D12D003F420A /* UserVerificationViewController.swift in Sources */ = {isa = PBXBuildFile; fileRef = 067EC3FB1C03D12D003F420A /* UserVerificationViewController.swift */; };
		067EC3FE1C041F93003F420A /* FindTeamsTableViewController.swift in Sources */ = {isa = PBXBuildFile; fileRef = 067EC3FD1C041F93003F420A /* FindTeamsTableViewController.swift */; };
		067EC4031C04210D003F420A /* User.swift in Sources */ = {isa = PBXBuildFile; fileRef = 067EC4021C04210D003F420A /* User.swift */; };
		067EC4051C042123003F420A /* Team.swift in Sources */ = {isa = PBXBuildFile; fileRef = 067EC4041C042123003F420A /* Team.swift */; };
		067EC4071C04214D003F420A /* MyProtocols.swift in Sources */ = {isa = PBXBuildFile; fileRef = 067EC4061C04214D003F420A /* MyProtocols.swift */; };
		067EC4091C04216E003F420A /* Extensions.swift in Sources */ = {isa = PBXBuildFile; fileRef = 067EC4081C04216E003F420A /* Extensions.swift */; };
		06BF4AAD1BFD19E500BCA228 /* AppDelegate.swift in Sources */ = {isa = PBXBuildFile; fileRef = 06BF4AAC1BFD19E500BCA228 /* AppDelegate.swift */; };
		06BF4AB11BFD19E500BCA228 /* SecondViewController.swift in Sources */ = {isa = PBXBuildFile; fileRef = 06BF4AB01BFD19E500BCA228 /* SecondViewController.swift */; };
		06BF4AB61BFD19E500BCA228 /* Assets.xcassets in Resources */ = {isa = PBXBuildFile; fileRef = 06BF4AB51BFD19E500BCA228 /* Assets.xcassets */; };
		06BF4AB91BFD19E500BCA228 /* LaunchScreen.storyboard in Resources */ = {isa = PBXBuildFile; fileRef = 06BF4AB71BFD19E500BCA228 /* LaunchScreen.storyboard */; };
		06BF4AC41BFD19E500BCA228 /* RateMyMeetingsTests.swift in Sources */ = {isa = PBXBuildFile; fileRef = 06BF4AC31BFD19E500BCA228 /* RateMyMeetingsTests.swift */; };
		06BF4ACF1BFD19E500BCA228 /* RateMyMeetingsUITests.swift in Sources */ = {isa = PBXBuildFile; fileRef = 06BF4ACE1BFD19E500BCA228 /* RateMyMeetingsUITests.swift */; };
		06BF4ADD1BFD1A9C00BCA228 /* EventKit.framework in Frameworks */ = {isa = PBXBuildFile; fileRef = 06BF4ADC1BFD1A9C00BCA228 /* EventKit.framework */; };
		A75724A99AD8502D2235BF3F /* Pods_RateMyMeetings.framework in Frameworks */ = {isa = PBXBuildFile; fileRef = D4B99933DD02E3E61FBD43FB /* Pods_RateMyMeetings.framework */; };
/* End PBXBuildFile section */

/* Begin PBXContainerItemProxy section */
		06BF4AC01BFD19E500BCA228 /* PBXContainerItemProxy */ = {
			isa = PBXContainerItemProxy;
			containerPortal = 06BF4AA11BFD19E500BCA228 /* Project object */;
			proxyType = 1;
			remoteGlobalIDString = 06BF4AA81BFD19E500BCA228;
			remoteInfo = RateMyMeetings;
		};
		06BF4ACB1BFD19E500BCA228 /* PBXContainerItemProxy */ = {
			isa = PBXContainerItemProxy;
			containerPortal = 06BF4AA11BFD19E500BCA228 /* Project object */;
			proxyType = 1;
			remoteGlobalIDString = 06BF4AA81BFD19E500BCA228;
			remoteInfo = RateMyMeetings;
		};
/* End PBXContainerItemProxy section */

/* Begin PBXFileReference section */
		061C1C0A1C080AED0082CC06 /* MeetingTableViewCell.swift */ = {isa = PBXFileReference; fileEncoding = 4; lastKnownFileType = sourcecode.swift; path = MeetingTableViewCell.swift; sourceTree = "<group>"; };
		0620F3881C04E73B000A233F /* MainTabBarViewController.swift */ = {isa = PBXFileReference; fileEncoding = 4; lastKnownFileType = sourcecode.swift; path = MainTabBarViewController.swift; sourceTree = "<group>"; };
		0620F38A1C04F19E000A233F /* MeetingsTableViewController.swift */ = {isa = PBXFileReference; fileEncoding = 4; lastKnownFileType = sourcecode.swift; path = MeetingsTableViewController.swift; sourceTree = "<group>"; };
		0620F38C1C04F584000A233F /* EventManager.swift */ = {isa = PBXFileReference; fileEncoding = 4; lastKnownFileType = sourcecode.swift; path = EventManager.swift; sourceTree = "<group>"; };
		0673F5D91C04E007000E402B /* Base */ = {isa = PBXFileReference; lastKnownFileType = file.storyboard; name = Base; path = Base.lproj/Main.storyboard; sourceTree = "<group>"; };
		0679E7961C015EDB0003BABC /* LoginViewController.swift */ = {isa = PBXFileReference; fileEncoding = 4; lastKnownFileType = sourcecode.swift; path = LoginViewController.swift; sourceTree = "<group>"; };
		0679E79A1C0163090003BABC /* UserRepository.swift */ = {isa = PBXFileReference; fileEncoding = 4; lastKnownFileType = sourcecode.swift; path = UserRepository.swift; sourceTree = "<group>"; };
		067EC3F71C038C7C003F420A /* TeamMembersTableViewController.swift */ = {isa = PBXFileReference; fileEncoding = 4; lastKnownFileType = sourcecode.swift; path = TeamMembersTableViewController.swift; sourceTree = "<group>"; };
		067EC3F91C039D98003F420A /* NewTeamViewController.swift */ = {isa = PBXFileReference; fileEncoding = 4; lastKnownFileType = sourcecode.swift; path = NewTeamViewController.swift; sourceTree = "<group>"; };
		067EC3FB1C03D12D003F420A /* UserVerificationViewController.swift */ = {isa = PBXFileReference; fileEncoding = 4; lastKnownFileType = sourcecode.swift; path = UserVerificationViewController.swift; sourceTree = "<group>"; };
		067EC3FD1C041F93003F420A /* FindTeamsTableViewController.swift */ = {isa = PBXFileReference; fileEncoding = 4; lastKnownFileType = sourcecode.swift; name = FindTeamsTableViewController.swift; path = ../FindTeamsTableViewController.swift; sourceTree = "<group>"; };
		067EC4021C04210D003F420A /* User.swift */ = {isa = PBXFileReference; fileEncoding = 4; lastKnownFileType = sourcecode.swift; path = User.swift; sourceTree = "<group>"; };
		067EC4041C042123003F420A /* Team.swift */ = {isa = PBXFileReference; fileEncoding = 4; lastKnownFileType = sourcecode.swift; path = Team.swift; sourceTree = "<group>"; };
		067EC4061C04214D003F420A /* MyProtocols.swift */ = {isa = PBXFileReference; fileEncoding = 4; lastKnownFileType = sourcecode.swift; path = MyProtocols.swift; sourceTree = "<group>"; };
		067EC4081C04216E003F420A /* Extensions.swift */ = {isa = PBXFileReference; fileEncoding = 4; lastKnownFileType = sourcecode.swift; path = Extensions.swift; sourceTree = "<group>"; };
		06BF4AA91BFD19E500BCA228 /* RateMyMeetings.app */ = {isa = PBXFileReference; explicitFileType = wrapper.application; includeInIndex = 0; path = RateMyMeetings.app; sourceTree = BUILT_PRODUCTS_DIR; };
		06BF4AAC1BFD19E500BCA228 /* AppDelegate.swift */ = {isa = PBXFileReference; lastKnownFileType = sourcecode.swift; path = AppDelegate.swift; sourceTree = "<group>"; };
		06BF4AB01BFD19E500BCA228 /* SecondViewController.swift */ = {isa = PBXFileReference; lastKnownFileType = sourcecode.swift; path = SecondViewController.swift; sourceTree = "<group>"; };
		06BF4AB51BFD19E500BCA228 /* Assets.xcassets */ = {isa = PBXFileReference; lastKnownFileType = folder.assetcatalog; path = Assets.xcassets; sourceTree = "<group>"; };
		06BF4AB81BFD19E500BCA228 /* Base */ = {isa = PBXFileReference; lastKnownFileType = file.storyboard; name = Base; path = Base.lproj/LaunchScreen.storyboard; sourceTree = "<group>"; };
		06BF4ABA1BFD19E500BCA228 /* Info.plist */ = {isa = PBXFileReference; lastKnownFileType = text.plist.xml; path = Info.plist; sourceTree = "<group>"; };
		06BF4ABF1BFD19E500BCA228 /* RateMyMeetingsTests.xctest */ = {isa = PBXFileReference; explicitFileType = wrapper.cfbundle; includeInIndex = 0; path = RateMyMeetingsTests.xctest; sourceTree = BUILT_PRODUCTS_DIR; };
		06BF4AC31BFD19E500BCA228 /* RateMyMeetingsTests.swift */ = {isa = PBXFileReference; lastKnownFileType = sourcecode.swift; path = RateMyMeetingsTests.swift; sourceTree = "<group>"; };
		06BF4AC51BFD19E500BCA228 /* Info.plist */ = {isa = PBXFileReference; lastKnownFileType = text.plist.xml; path = Info.plist; sourceTree = "<group>"; };
		06BF4ACA1BFD19E500BCA228 /* RateMyMeetingsUITests.xctest */ = {isa = PBXFileReference; explicitFileType = wrapper.cfbundle; includeInIndex = 0; path = RateMyMeetingsUITests.xctest; sourceTree = BUILT_PRODUCTS_DIR; };
		06BF4ACE1BFD19E500BCA228 /* RateMyMeetingsUITests.swift */ = {isa = PBXFileReference; lastKnownFileType = sourcecode.swift; path = RateMyMeetingsUITests.swift; sourceTree = "<group>"; };
		06BF4AD01BFD19E500BCA228 /* Info.plist */ = {isa = PBXFileReference; lastKnownFileType = text.plist.xml; path = Info.plist; sourceTree = "<group>"; };
		06BF4ADC1BFD1A9C00BCA228 /* EventKit.framework */ = {isa = PBXFileReference; lastKnownFileType = wrapper.framework; name = EventKit.framework; path = System/Library/Frameworks/EventKit.framework; sourceTree = SDKROOT; };
		1BBB6F5FA1BB8F7DA5FB7D25 /* Pods-RateMyMeetings.debug.xcconfig */ = {isa = PBXFileReference; includeInIndex = 1; lastKnownFileType = text.xcconfig; name = "Pods-RateMyMeetings.debug.xcconfig"; path = "Pods/Target Support Files/Pods-RateMyMeetings/Pods-RateMyMeetings.debug.xcconfig"; sourceTree = "<group>"; };
		8CA5E14E4DBD040A586875EE /* Pods-RateMyMeetings.release.xcconfig */ = {isa = PBXFileReference; includeInIndex = 1; lastKnownFileType = text.xcconfig; name = "Pods-RateMyMeetings.release.xcconfig"; path = "Pods/Target Support Files/Pods-RateMyMeetings/Pods-RateMyMeetings.release.xcconfig"; sourceTree = "<group>"; };
		D4B99933DD02E3E61FBD43FB /* Pods_RateMyMeetings.framework */ = {isa = PBXFileReference; explicitFileType = wrapper.framework; includeInIndex = 0; path = Pods_RateMyMeetings.framework; sourceTree = BUILT_PRODUCTS_DIR; };
/* End PBXFileReference section */

/* Begin PBXFrameworksBuildPhase section */
		06BF4AA61BFD19E500BCA228 /* Frameworks */ = {
			isa = PBXFrameworksBuildPhase;
			buildActionMask = 2147483647;
			files = (
				06BF4ADD1BFD1A9C00BCA228 /* EventKit.framework in Frameworks */,
				A75724A99AD8502D2235BF3F /* Pods_RateMyMeetings.framework in Frameworks */,
			);
			runOnlyForDeploymentPostprocessing = 0;
		};
		06BF4ABC1BFD19E500BCA228 /* Frameworks */ = {
			isa = PBXFrameworksBuildPhase;
			buildActionMask = 2147483647;
			files = (
			);
			runOnlyForDeploymentPostprocessing = 0;
		};
		06BF4AC71BFD19E500BCA228 /* Frameworks */ = {
			isa = PBXFrameworksBuildPhase;
			buildActionMask = 2147483647;
			files = (
			);
			runOnlyForDeploymentPostprocessing = 0;
		};
/* End PBXFrameworksBuildPhase section */

/* Begin PBXGroup section */
		067EC3FF1C04202A003F420A /* Registration */ = {
			isa = PBXGroup;
			children = (
				067EC3FB1C03D12D003F420A /* UserVerificationViewController.swift */,
				067EC3FD1C041F93003F420A /* FindTeamsTableViewController.swift */,
				067EC3F71C038C7C003F420A /* TeamMembersTableViewController.swift */,
				067EC3F91C039D98003F420A /* NewTeamViewController.swift */,
			);
			name = Registration;
			sourceTree = "<group>";
		};
		067EC4001C0420D6003F420A /* Main */ = {
			isa = PBXGroup;
			children = (
				06BF4AB01BFD19E500BCA228 /* SecondViewController.swift */,
				0620F3881C04E73B000A233F /* MainTabBarViewController.swift */,
				0620F38A1C04F19E000A233F /* MeetingsTableViewController.swift */,
				061C1C0A1C080AED0082CC06 /* MeetingTableViewCell.swift */,
			);
			name = Main;
			sourceTree = "<group>";
		};
		067EC4011C0420F2003F420A /* Services */ = {
			isa = PBXGroup;
			children = (
				0679E79A1C0163090003BABC /* UserRepository.swift */,
				067EC4021C04210D003F420A /* User.swift */,
				067EC4041C042123003F420A /* Team.swift */,
				067EC4061C04214D003F420A /* MyProtocols.swift */,
				067EC4081C04216E003F420A /* Extensions.swift */,
				0620F38C1C04F584000A233F /* EventManager.swift */,
			);
			name = Services;
			sourceTree = "<group>";
		};
		06BF4AA01BFD19E500BCA228 = {
			isa = PBXGroup;
			children = (
				06BF4ADC1BFD1A9C00BCA228 /* EventKit.framework */,
				06BF4AAB1BFD19E500BCA228 /* RateMyMeetings */,
				06BF4AC21BFD19E500BCA228 /* RateMyMeetingsTests */,
				06BF4ACD1BFD19E500BCA228 /* RateMyMeetingsUITests */,
				06BF4AAA1BFD19E500BCA228 /* Products */,
				9287A922C2D04F65985BE0B9 /* Pods */,
				FC3AF97A1A8847998D3E57CA /* Frameworks */,
			);
			sourceTree = "<group>";
		};
		06BF4AAA1BFD19E500BCA228 /* Products */ = {
			isa = PBXGroup;
			children = (
				06BF4AA91BFD19E500BCA228 /* RateMyMeetings.app */,
				06BF4ABF1BFD19E500BCA228 /* RateMyMeetingsTests.xctest */,
				06BF4ACA1BFD19E500BCA228 /* RateMyMeetingsUITests.xctest */,
			);
			name = Products;
			sourceTree = "<group>";
		};
		06BF4AAB1BFD19E500BCA228 /* RateMyMeetings */ = {
			isa = PBXGroup;
			children = (
				0673F5D81C04E007000E402B /* Main.storyboard */,
				06BF4AAC1BFD19E500BCA228 /* AppDelegate.swift */,
				0679E7961C015EDB0003BABC /* LoginViewController.swift */,
				06BF4AB51BFD19E500BCA228 /* Assets.xcassets */,
				06BF4AB71BFD19E500BCA228 /* LaunchScreen.storyboard */,
				06BF4ABA1BFD19E500BCA228 /* Info.plist */,
				067EC4011C0420F2003F420A /* Services */,
				067EC4001C0420D6003F420A /* Main */,
				067EC3FF1C04202A003F420A /* Registration */,
			);
			path = RateMyMeetings;
			sourceTree = "<group>";
		};
		06BF4AC21BFD19E500BCA228 /* RateMyMeetingsTests */ = {
			isa = PBXGroup;
			children = (
				06BF4AC31BFD19E500BCA228 /* RateMyMeetingsTests.swift */,
				06BF4AC51BFD19E500BCA228 /* Info.plist */,
			);
			path = RateMyMeetingsTests;
			sourceTree = "<group>";
		};
		06BF4ACD1BFD19E500BCA228 /* RateMyMeetingsUITests */ = {
			isa = PBXGroup;
			children = (
				06BF4ACE1BFD19E500BCA228 /* RateMyMeetingsUITests.swift */,
				06BF4AD01BFD19E500BCA228 /* Info.plist */,
			);
			path = RateMyMeetingsUITests;
			sourceTree = "<group>";
		};
		9287A922C2D04F65985BE0B9 /* Pods */ = {
			isa = PBXGroup;
			children = (
				1BBB6F5FA1BB8F7DA5FB7D25 /* Pods-RateMyMeetings.debug.xcconfig */,
				8CA5E14E4DBD040A586875EE /* Pods-RateMyMeetings.release.xcconfig */,
			);
			name = Pods;
			sourceTree = "<group>";
		};
		FC3AF97A1A8847998D3E57CA /* Frameworks */ = {
			isa = PBXGroup;
			children = (
				D4B99933DD02E3E61FBD43FB /* Pods_RateMyMeetings.framework */,
			);
			name = Frameworks;
			sourceTree = "<group>";
		};
/* End PBXGroup section */

/* Begin PBXNativeTarget section */
		06BF4AA81BFD19E500BCA228 /* RateMyMeetings */ = {
			isa = PBXNativeTarget;
			buildConfigurationList = 06BF4AD31BFD19E500BCA228 /* Build configuration list for PBXNativeTarget "RateMyMeetings" */;
			buildPhases = (
				B91A5C39446296D0AC8AA090 /* Check Pods Manifest.lock */,
				06BF4AA51BFD19E500BCA228 /* Sources */,
				06BF4AA61BFD19E500BCA228 /* Frameworks */,
				06BF4AA71BFD19E500BCA228 /* Resources */,
				92414B99FBA829B5A1B37CD2 /* Embed Pods Frameworks */,
				3822A14A89530AE3C6F2BCAD /* Copy Pods Resources */,
			);
			buildRules = (
			);
			dependencies = (
			);
			name = RateMyMeetings;
			productName = RateMyMeetings;
			productReference = 06BF4AA91BFD19E500BCA228 /* RateMyMeetings.app */;
			productType = "com.apple.product-type.application";
		};
		06BF4ABE1BFD19E500BCA228 /* RateMyMeetingsTests */ = {
			isa = PBXNativeTarget;
			buildConfigurationList = 06BF4AD61BFD19E500BCA228 /* Build configuration list for PBXNativeTarget "RateMyMeetingsTests" */;
			buildPhases = (
				06BF4ABB1BFD19E500BCA228 /* Sources */,
				06BF4ABC1BFD19E500BCA228 /* Frameworks */,
				06BF4ABD1BFD19E500BCA228 /* Resources */,
			);
			buildRules = (
			);
			dependencies = (
				06BF4AC11BFD19E500BCA228 /* PBXTargetDependency */,
			);
			name = RateMyMeetingsTests;
			productName = RateMyMeetingsTests;
			productReference = 06BF4ABF1BFD19E500BCA228 /* RateMyMeetingsTests.xctest */;
			productType = "com.apple.product-type.bundle.unit-test";
		};
		06BF4AC91BFD19E500BCA228 /* RateMyMeetingsUITests */ = {
			isa = PBXNativeTarget;
			buildConfigurationList = 06BF4AD91BFD19E500BCA228 /* Build configuration list for PBXNativeTarget "RateMyMeetingsUITests" */;
			buildPhases = (
				06BF4AC61BFD19E500BCA228 /* Sources */,
				06BF4AC71BFD19E500BCA228 /* Frameworks */,
				06BF4AC81BFD19E500BCA228 /* Resources */,
			);
			buildRules = (
			);
			dependencies = (
				06BF4ACC1BFD19E500BCA228 /* PBXTargetDependency */,
			);
			name = RateMyMeetingsUITests;
			productName = RateMyMeetingsUITests;
			productReference = 06BF4ACA1BFD19E500BCA228 /* RateMyMeetingsUITests.xctest */;
			productType = "com.apple.product-type.bundle.ui-testing";
		};
/* End PBXNativeTarget section */

/* Begin PBXProject section */
		06BF4AA11BFD19E500BCA228 /* Project object */ = {
			isa = PBXProject;
			attributes = {
				LastSwiftUpdateCheck = 0710;
				LastUpgradeCheck = 0710;
				ORGANIZATIONNAME = "Nicolas Perez";
				TargetAttributes = {
					06BF4AA81BFD19E500BCA228 = {
						CreatedOnToolsVersion = 7.1.1;
						DevelopmentTeam = G7335L45WL;
					};
					06BF4ABE1BFD19E500BCA228 = {
						CreatedOnToolsVersion = 7.1.1;
						TestTargetID = 06BF4AA81BFD19E500BCA228;
					};
					06BF4AC91BFD19E500BCA228 = {
						CreatedOnToolsVersion = 7.1.1;
						TestTargetID = 06BF4AA81BFD19E500BCA228;
					};
				};
			};
			buildConfigurationList = 06BF4AA41BFD19E500BCA228 /* Build configuration list for PBXProject "RateMyMeetings" */;
			compatibilityVersion = "Xcode 3.2";
			developmentRegion = English;
			hasScannedForEncodings = 0;
			knownRegions = (
				en,
				Base,
			);
			mainGroup = 06BF4AA01BFD19E500BCA228;
			productRefGroup = 06BF4AAA1BFD19E500BCA228 /* Products */;
			projectDirPath = "";
			projectRoot = "";
			targets = (
				06BF4AA81BFD19E500BCA228 /* RateMyMeetings */,
				06BF4ABE1BFD19E500BCA228 /* RateMyMeetingsTests */,
				06BF4AC91BFD19E500BCA228 /* RateMyMeetingsUITests */,
			);
		};
/* End PBXProject section */

/* Begin PBXResourcesBuildPhase section */
		06BF4AA71BFD19E500BCA228 /* Resources */ = {
			isa = PBXResourcesBuildPhase;
			buildActionMask = 2147483647;
			files = (
				0673F5DA1C04E007000E402B /* Main.storyboard in Resources */,
				06BF4AB91BFD19E500BCA228 /* LaunchScreen.storyboard in Resources */,
				06BF4AB61BFD19E500BCA228 /* Assets.xcassets in Resources */,
			);
			runOnlyForDeploymentPostprocessing = 0;
		};
		06BF4ABD1BFD19E500BCA228 /* Resources */ = {
			isa = PBXResourcesBuildPhase;
			buildActionMask = 2147483647;
			files = (
			);
			runOnlyForDeploymentPostprocessing = 0;
		};
		06BF4AC81BFD19E500BCA228 /* Resources */ = {
			isa = PBXResourcesBuildPhase;
			buildActionMask = 2147483647;
			files = (
			);
			runOnlyForDeploymentPostprocessing = 0;
		};
/* End PBXResourcesBuildPhase section */

/* Begin PBXShellScriptBuildPhase section */
		3822A14A89530AE3C6F2BCAD /* Copy Pods Resources */ = {
			isa = PBXShellScriptBuildPhase;
			buildActionMask = 2147483647;
			files = (
			);
			inputPaths = (
			);
			name = "Copy Pods Resources";
			outputPaths = (
			);
			runOnlyForDeploymentPostprocessing = 0;
			shellPath = /bin/sh;
			shellScript = "\"${SRCROOT}/Pods/Target Support Files/Pods-RateMyMeetings/Pods-RateMyMeetings-resources.sh\"\n";
			showEnvVarsInLog = 0;
		};
		92414B99FBA829B5A1B37CD2 /* Embed Pods Frameworks */ = {
			isa = PBXShellScriptBuildPhase;
			buildActionMask = 2147483647;
			files = (
			);
			inputPaths = (
			);
			name = "Embed Pods Frameworks";
			outputPaths = (
			);
			runOnlyForDeploymentPostprocessing = 0;
			shellPath = /bin/sh;
			shellScript = "\"${SRCROOT}/Pods/Target Support Files/Pods-RateMyMeetings/Pods-RateMyMeetings-frameworks.sh\"\n";
			showEnvVarsInLog = 0;
		};
		B91A5C39446296D0AC8AA090 /* Check Pods Manifest.lock */ = {
			isa = PBXShellScriptBuildPhase;
			buildActionMask = 2147483647;
			files = (
			);
			inputPaths = (
			);
			name = "Check Pods Manifest.lock";
			outputPaths = (
			);
			runOnlyForDeploymentPostprocessing = 0;
			shellPath = /bin/sh;
			shellScript = "diff \"${PODS_ROOT}/../Podfile.lock\" \"${PODS_ROOT}/Manifest.lock\" > /dev/null\nif [[ $? != 0 ]] ; then\n    cat << EOM\nerror: The sandbox is not in sync with the Podfile.lock. Run 'pod install' or update your CocoaPods installation.\nEOM\n    exit 1\nfi\n";
			showEnvVarsInLog = 0;
		};
/* End PBXShellScriptBuildPhase section */

/* Begin PBXSourcesBuildPhase section */
		06BF4AA51BFD19E500BCA228 /* Sources */ = {
			isa = PBXSourcesBuildPhase;
			buildActionMask = 2147483647;
			files = (
				067EC3F81C038C7C003F420A /* TeamMembersTableViewController.swift in Sources */,
				061C1C0B1C080AED0082CC06 /* MeetingTableViewCell.swift in Sources */,
				067EC3FE1C041F93003F420A /* FindTeamsTableViewController.swift in Sources */,
				0679E7971C015EDB0003BABC /* LoginViewController.swift in Sources */,
				0620F3891C04E73B000A233F /* MainTabBarViewController.swift in Sources */,
				06BF4AB11BFD19E500BCA228 /* SecondViewController.swift in Sources */,
				067EC3FC1C03D12D003F420A /* UserVerificationViewController.swift in Sources */,
				06BF4AAD1BFD19E500BCA228 /* AppDelegate.swift in Sources */,
				0679E79B1C0163090003BABC /* UserRepository.swift in Sources */,
				067EC4091C04216E003F420A /* Extensions.swift in Sources */,
				0620F38D1C04F584000A233F /* EventManager.swift in Sources */,
				067EC4051C042123003F420A /* Team.swift in Sources */,
				0620F38B1C04F19E000A233F /* MeetingsTableViewController.swift in Sources */,
				067EC4031C04210D003F420A /* User.swift in Sources */,
				067EC3FA1C039D98003F420A /* NewTeamViewController.swift in Sources */,
				067EC4071C04214D003F420A /* MyProtocols.swift in Sources */,
			);
			runOnlyForDeploymentPostprocessing = 0;
		};
		06BF4ABB1BFD19E500BCA228 /* Sources */ = {
			isa = PBXSourcesBuildPhase;
			buildActionMask = 2147483647;
			files = (
				0679E7981C015EDB0003BABC /* LoginViewController.swift in Sources */,
				06BF4AC41BFD19E500BCA228 /* RateMyMeetingsTests.swift in Sources */,
				0679E79C1C0163090003BABC /* UserRepository.swift in Sources */,
			);
			runOnlyForDeploymentPostprocessing = 0;
		};
		06BF4AC61BFD19E500BCA228 /* Sources */ = {
			isa = PBXSourcesBuildPhase;
			buildActionMask = 2147483647;
			files = (
				0679E7991C015EDB0003BABC /* LoginViewController.swift in Sources */,
				06BF4ACF1BFD19E500BCA228 /* RateMyMeetingsUITests.swift in Sources */,
				0679E79D1C0163090003BABC /* UserRepository.swift in Sources */,
			);
			runOnlyForDeploymentPostprocessing = 0;
		};
/* End PBXSourcesBuildPhase section */

/* Begin PBXTargetDependency section */
		06BF4AC11BFD19E500BCA228 /* PBXTargetDependency */ = {
			isa = PBXTargetDependency;
			target = 06BF4AA81BFD19E500BCA228 /* RateMyMeetings */;
			targetProxy = 06BF4AC01BFD19E500BCA228 /* PBXContainerItemProxy */;
		};
		06BF4ACC1BFD19E500BCA228 /* PBXTargetDependency */ = {
			isa = PBXTargetDependency;
			target = 06BF4AA81BFD19E500BCA228 /* RateMyMeetings */;
			targetProxy = 06BF4ACB1BFD19E500BCA228 /* PBXContainerItemProxy */;
		};
/* End PBXTargetDependency section */

/* Begin PBXVariantGroup section */
		0673F5D81C04E007000E402B /* Main.storyboard */ = {
			isa = PBXVariantGroup;
			children = (
				0673F5D91C04E007000E402B /* Base */,
			);
			name = Main.storyboard;
			sourceTree = "<group>";
		};
		06BF4AB71BFD19E500BCA228 /* LaunchScreen.storyboard */ = {
			isa = PBXVariantGroup;
			children = (
				06BF4AB81BFD19E500BCA228 /* Base */,
			);
			name = LaunchScreen.storyboard;
			sourceTree = "<group>";
		};
/* End PBXVariantGroup section */

/* Begin XCBuildConfiguration section */
		06BF4AD11BFD19E500BCA228 /* Debug */ = {
			isa = XCBuildConfiguration;
			buildSettings = {
				ALWAYS_SEARCH_USER_PATHS = NO;
				CLANG_CXX_LANGUAGE_STANDARD = "gnu++0x";
				CLANG_CXX_LIBRARY = "libc++";
				CLANG_ENABLE_MODULES = YES;
				CLANG_ENABLE_OBJC_ARC = YES;
				CLANG_WARN_BOOL_CONVERSION = YES;
				CLANG_WARN_CONSTANT_CONVERSION = YES;
				CLANG_WARN_DIRECT_OBJC_ISA_USAGE = YES_ERROR;
				CLANG_WARN_EMPTY_BODY = YES;
				CLANG_WARN_ENUM_CONVERSION = YES;
				CLANG_WARN_INT_CONVERSION = YES;
				CLANG_WARN_OBJC_ROOT_CLASS = YES_ERROR;
				CLANG_WARN_UNREACHABLE_CODE = YES;
				CLANG_WARN__DUPLICATE_METHOD_MATCH = YES;
				"CODE_SIGN_IDENTITY[sdk=iphoneos*]" = "iPhone Developer";
				COPY_PHASE_STRIP = NO;
				DEBUG_INFORMATION_FORMAT = dwarf;
				ENABLE_STRICT_OBJC_MSGSEND = YES;
				ENABLE_TESTABILITY = YES;
				GCC_C_LANGUAGE_STANDARD = gnu99;
				GCC_DYNAMIC_NO_PIC = NO;
				GCC_NO_COMMON_BLOCKS = YES;
				GCC_OPTIMIZATION_LEVEL = 0;
				GCC_PREPROCESSOR_DEFINITIONS = (
					"DEBUG=1",
					"$(inherited)",
				);
				GCC_WARN_64_TO_32_BIT_CONVERSION = YES;
				GCC_WARN_ABOUT_RETURN_TYPE = YES_ERROR;
				GCC_WARN_UNDECLARED_SELECTOR = YES;
				GCC_WARN_UNINITIALIZED_AUTOS = YES_AGGRESSIVE;
				GCC_WARN_UNUSED_FUNCTION = YES;
				GCC_WARN_UNUSED_VARIABLE = YES;
				IPHONEOS_DEPLOYMENT_TARGET = 9.1;
				MTL_ENABLE_DEBUG_INFO = YES;
				ONLY_ACTIVE_ARCH = YES;
				SDKROOT = iphoneos;
				SWIFT_OPTIMIZATION_LEVEL = "-Onone";
			};
			name = Debug;
		};
		06BF4AD21BFD19E500BCA228 /* Release */ = {
			isa = XCBuildConfiguration;
			buildSettings = {
				ALWAYS_SEARCH_USER_PATHS = NO;
				CLANG_CXX_LANGUAGE_STANDARD = "gnu++0x";
				CLANG_CXX_LIBRARY = "libc++";
				CLANG_ENABLE_MODULES = YES;
				CLANG_ENABLE_OBJC_ARC = YES;
				CLANG_WARN_BOOL_CONVERSION = YES;
				CLANG_WARN_CONSTANT_CONVERSION = YES;
				CLANG_WARN_DIRECT_OBJC_ISA_USAGE = YES_ERROR;
				CLANG_WARN_EMPTY_BODY = YES;
				CLANG_WARN_ENUM_CONVERSION = YES;
				CLANG_WARN_INT_CONVERSION = YES;
				CLANG_WARN_OBJC_ROOT_CLASS = YES_ERROR;
				CLANG_WARN_UNREACHABLE_CODE = YES;
				CLANG_WARN__DUPLICATE_METHOD_MATCH = YES;
				"CODE_SIGN_IDENTITY[sdk=iphoneos*]" = "iPhone Developer";
				COPY_PHASE_STRIP = NO;
				DEBUG_INFORMATION_FORMAT = "dwarf-with-dsym";
				ENABLE_NS_ASSERTIONS = NO;
				ENABLE_STRICT_OBJC_MSGSEND = YES;
				GCC_C_LANGUAGE_STANDARD = gnu99;
				GCC_NO_COMMON_BLOCKS = YES;
				GCC_WARN_64_TO_32_BIT_CONVERSION = YES;
				GCC_WARN_ABOUT_RETURN_TYPE = YES_ERROR;
				GCC_WARN_UNDECLARED_SELECTOR = YES;
				GCC_WARN_UNINITIALIZED_AUTOS = YES_AGGRESSIVE;
				GCC_WARN_UNUSED_FUNCTION = YES;
				GCC_WARN_UNUSED_VARIABLE = YES;
				IPHONEOS_DEPLOYMENT_TARGET = 9.1;
				MTL_ENABLE_DEBUG_INFO = NO;
				SDKROOT = iphoneos;
				VALIDATE_PRODUCT = YES;
			};
			name = Release;
		};
		06BF4AD41BFD19E500BCA228 /* Debug */ = {
			isa = XCBuildConfiguration;
			baseConfigurationReference = 1BBB6F5FA1BB8F7DA5FB7D25 /* Pods-RateMyMeetings.debug.xcconfig */;
			buildSettings = {
				ASSETCATALOG_COMPILER_APPICON_NAME = AppIcon;
				CODE_SIGN_IDENTITY = "iPhone Developer";
				INFOPLIST_FILE = RateMyMeetings/Info.plist;
				LD_RUNPATH_SEARCH_PATHS = "$(inherited) @executable_path/Frameworks";
				PRODUCT_BUNDLE_IDENTIFIER = NAPP.RateMyMeetings;
				PRODUCT_NAME = "$(TARGET_NAME)";
			};
			name = Debug;
		};
		06BF4AD51BFD19E500BCA228 /* Release */ = {
			isa = XCBuildConfiguration;
			baseConfigurationReference = 8CA5E14E4DBD040A586875EE /* Pods-RateMyMeetings.release.xcconfig */;
			buildSettings = {
				ASSETCATALOG_COMPILER_APPICON_NAME = AppIcon;
				CODE_SIGN_IDENTITY = "iPhone Developer";
				INFOPLIST_FILE = RateMyMeetings/Info.plist;
				LD_RUNPATH_SEARCH_PATHS = "$(inherited) @executable_path/Frameworks";
				PRODUCT_BUNDLE_IDENTIFIER = NAPP.RateMyMeetings;
				PRODUCT_NAME = "$(TARGET_NAME)";
			};
			name = Release;
		};
		06BF4AD71BFD19E500BCA228 /* Debug */ = {
			isa = XCBuildConfiguration;
			buildSettings = {
				BUNDLE_LOADER = "$(TEST_HOST)";
				INFOPLIST_FILE = RateMyMeetingsTests/Info.plist;
				LD_RUNPATH_SEARCH_PATHS = "$(inherited) @executable_path/Frameworks @loader_path/Frameworks";
				PRODUCT_BUNDLE_IDENTIFIER = NAPP.RateMyMeetingsTests;
				PRODUCT_NAME = "$(TARGET_NAME)";
				TEST_HOST = "$(BUILT_PRODUCTS_DIR)/RateMyMeetings.app/RateMyMeetings";
			};
			name = Debug;
		};
		06BF4AD81BFD19E500BCA228 /* Release */ = {
			isa = XCBuildConfiguration;
			buildSettings = {
				BUNDLE_LOADER = "$(TEST_HOST)";
				INFOPLIST_FILE = RateMyMeetingsTests/Info.plist;
				LD_RUNPATH_SEARCH_PATHS = "$(inherited) @executable_path/Frameworks @loader_path/Frameworks";
				PRODUCT_BUNDLE_IDENTIFIER = NAPP.RateMyMeetingsTests;
				PRODUCT_NAME = "$(TARGET_NAME)";
				TEST_HOST = "$(BUILT_PRODUCTS_DIR)/RateMyMeetings.app/RateMyMeetings";
			};
			name = Release;
		};
		06BF4ADA1BFD19E500BCA228 /* Debug */ = {
			isa = XCBuildConfiguration;
			buildSettings = {
				INFOPLIST_FILE = RateMyMeetingsUITests/Info.plist;
				LD_RUNPATH_SEARCH_PATHS = "$(inherited) @executable_path/Frameworks @loader_path/Frameworks";
				PRODUCT_BUNDLE_IDENTIFIER = NAPP.RateMyMeetingsUITests;
				PRODUCT_NAME = "$(TARGET_NAME)";
				TEST_TARGET_NAME = RateMyMeetings;
				USES_XCTRUNNER = YES;
			};
			name = Debug;
		};
		06BF4ADB1BFD19E500BCA228 /* Release */ = {
			isa = XCBuildConfiguration;
			buildSettings = {
				INFOPLIST_FILE = RateMyMeetingsUITests/Info.plist;
				LD_RUNPATH_SEARCH_PATHS = "$(inherited) @executable_path/Frameworks @loader_path/Frameworks";
				PRODUCT_BUNDLE_IDENTIFIER = NAPP.RateMyMeetingsUITests;
				PRODUCT_NAME = "$(TARGET_NAME)";
				TEST_TARGET_NAME = RateMyMeetings;
				USES_XCTRUNNER = YES;
			};
			name = Release;
		};
/* End XCBuildConfiguration section */

/* Begin XCConfigurationList section */
		06BF4AA41BFD19E500BCA228 /* Build configuration list for PBXProject "RateMyMeetings" */ = {
			isa = XCConfigurationList;
			buildConfigurations = (
				06BF4AD11BFD19E500BCA228 /* Debug */,
				06BF4AD21BFD19E500BCA228 /* Release */,
			);
			defaultConfigurationIsVisible = 0;
			defaultConfigurationName = Release;
		};
		06BF4AD31BFD19E500BCA228 /* Build configuration list for PBXNativeTarget "RateMyMeetings" */ = {
			isa = XCConfigurationList;
			buildConfigurations = (
				06BF4AD41BFD19E500BCA228 /* Debug */,
				06BF4AD51BFD19E500BCA228 /* Release */,
			);
			defaultConfigurationIsVisible = 0;
			defaultConfigurationName = Release;
		};
		06BF4AD61BFD19E500BCA228 /* Build configuration list for PBXNativeTarget "RateMyMeetingsTests" */ = {
			isa = XCConfigurationList;
			buildConfigurations = (
				06BF4AD71BFD19E500BCA228 /* Debug */,
				06BF4AD81BFD19E500BCA228 /* Release */,
			);
			defaultConfigurationIsVisible = 0;
			defaultConfigurationName = Release;
		};
		06BF4AD91BFD19E500BCA228 /* Build configuration list for PBXNativeTarget "RateMyMeetingsUITests" */ = {
			isa = XCConfigurationList;
			buildConfigurations = (
				06BF4ADA1BFD19E500BCA228 /* Debug */,
				06BF4ADB1BFD19E500BCA228 /* Release */,
			);
			defaultConfigurationIsVisible = 0;
			defaultConfigurationName = Release;
		};
/* End XCConfigurationList section */
	};
	rootObject = 06BF4AA11BFD19E500BCA228 /* Project object */;
}
